
Microsoft Visual Studio Solution File, Format Version 12.00
# Visual Studio Version 16
VisualStudioVersion = 16.0.30711.63
MinimumVisualStudioVersion = 10.0.40219.1
Project("{FAE04EC0-301F-11D3-BF4B-00C04F79EFBC}") = "WifiReconnect", "WifiReconnect\WifiReconnect.csproj", "{398F1DD1-9AF9-4A39-A68B-352642C99231}"
EndProject
Global
	GlobalSection(SolutionConfigurationPlatforms) = preSolution
		Debug|Any CPU = Debug|Any CPU
		Release|Any CPU = Release|Any CPU
	EndGlobalSection
	GlobalSection(ProjectConfigurationPlatforms) = postSolution
		{398F1DD1-9AF9-4A39-A68B-352642C99231}.Debug|Any CPU.ActiveCfg = Debug|Any CPU
		{398F1DD1-9AF9-4A39-A68B-352642C99231}.Debug|Any CPU.Build.0 = Debug|Any CPU
		{398F1DD1-9AF9-4A39-A68B-352642C99231}.Release|Any CPU.ActiveCfg = Release|Any CPU
		{398F1DD1-9AF9-4A39-A68B-352642C99231}.Release|Any CPU.Build.0 = Release|Any CPU
	EndGlobalSection
	GlobalSection(SolutionProperties) = preSolution
		HideSolutionNode = FALSE
	EndGlobalSection
	GlobalSection(ExtensibilityGlobals) = postSolution
		SolutionGuid = {CFD2BD5C-0DB9-495A-A5CF-AC9145B37BBB}
	EndGlobalSection
EndGlobal
